
Microsoft Visual Studio Solution File, Format Version 12.00
# Visual Studio Version 16
VisualStudioVersion = 16.0.28922.388
MinimumVisualStudioVersion = 10.0.40219.1
Project("{FAE04EC0-301F-11D3-BF4B-00C04F79EFBC}") = "Decorator", "Decorator.csproj", "{8154AFA4-DEB9-4CC3-BE8D-F1A263824773}"
EndProject
Global
	GlobalSection(SolutionConfigurationPlatforms) = preSolution
		Debug|Any CPU = Debug|Any CPU
		Release|Any CPU = Release|Any CPU
	EndGlobalSection
	GlobalSection(ProjectConfigurationPlatforms) = postSolution
		{8154AFA4-DEB9-4CC3-BE8D-F1A263824773}.Debug|Any CPU.ActiveCfg = Debug|Any CPU
		{8154AFA4-DEB9-4CC3-BE8D-F1A263824773}.Debug|Any CPU.Build.0 = Debug|Any CPU
		{8154AFA4-DEB9-4CC3-BE8D-F1A263824773}.Release|Any CPU.ActiveCfg = Release|Any CPU
		{8154AFA4-DEB9-4CC3-BE8D-F1A263824773}.Release|Any CPU.Build.0 = Release|Any CPU
	EndGlobalSection
	GlobalSection(SolutionProperties) = preSolution
		HideSolutionNode = FALSE
	EndGlobalSection
	GlobalSection(ExtensibilityGlobals) = postSolution
		SolutionGuid = {3893E82B-DFF1-456A-BF07-C70379D454B4}
	EndGlobalSection
EndGlobal
